PODS:
  - JKSwiftExtension (2.6.0)
  - JKSwiftUIExtension (0.0.7):
    - JKSwiftUIExtension/CustomView (= 0.0.7)
    - JKSwiftUIExtension/StyleExtension (= 0.0.7)
    - JKSwiftUIExtension/ViewExtension (= 0.0.7)
  - JKSwiftUIExtension/CustomView (0.0.7)
  - JKSwiftUIExtension/StyleExtension (0.0.7)
  - JKSwiftUIExtension/ViewExtension (0.0.7)

DEPENDENCIES:
  - JKSwiftExtension
  - JKSwiftUIExtension (from `../`)

SPEC REPOS:
  trunk:
    - JKSwiftExtension

EXTERNAL SOURCES:
  JKSwiftUIExtension:
    :path: "../"

SPEC CHECKSUMS:
  JKSwiftExtension: 9ffe7512d8bdbec20b443e8953017edc94a0246c
  JKSwiftUIExtension: d06ee4df1ba3154492eaf8890bfb1c514bb9bbc4

PODFILE CHECKSUM: b66db532684cf4dafcf144fd935e9c71c3891f7a

COCOAPODS: 1.14.3
