// !$*UTF8*$!
{
	archiveVersion = 1;
	classes = {
	};
	objectVersion = 56;
	objects = {

/* Begin PBXBuildFile section */
		27FDD08D7C819A6052844B67 /* Pods_JKSwiftUIExtensionDemo.framework in Frameworks */ = {isa = PBXBuildFile; fileRef = 8D3FAF411CF38ED57AD359AE /* Pods_JKSwiftUIExtensionDemo.framework */; };
		55FD77182B5665F900F0A104 /* JKSwiftUIExtensionDemoApp.swift in Sources */ = {isa = PBXBuildFile; fileRef = 55FD77172B5665F900F0A104 /* JKSwiftUIExtensionDemoApp.swift */; };
		55FD771A2B5665F900F0A104 /* ContentView.swift in Sources */ = {isa = PBXBuildFile; fileRef = 55FD77192B5665F900F0A104 /* ContentView.swift */; };
		55FD771C2B5665FB00F0A104 /* Assets.xcassets in Resources */ = {isa = PBXBuildFile; fileRef = 55FD771B2B5665FB00F0A104 /* Assets.xcassets */; };
		55FD771F2B5665FB00F0A104 /* Preview Assets.xcassets in Resources */ = {isa = PBXBuildFile; fileRef = 55FD771E2B5665FB00F0A104 /* Preview Assets.xcassets */; };
		55FD77292B5665FB00F0A104 /* JKSwiftUIExtensionDemoTests.swift in Sources */ = {isa = PBXBuildFile; fileRef = 55FD77282B5665FB00F0A104 /* JKSwiftUIExtensionDemoTests.swift */; };
		55FD77332B5665FB00F0A104 /* JKSwiftUIExtensionDemoUITests.swift in Sources */ = {isa = PBXBuildFile; fileRef = 55FD77322B5665FB00F0A104 /* JKSwiftUIExtensionDemoUITests.swift */; };
		55FD77352B5665FB00F0A104 /* JKSwiftUIExtensionDemoUITestsLaunchTests.swift in Sources */ = {isa = PBXBuildFile; fileRef = 55FD77342B5665FB00F0A104 /* JKSwiftUIExtensionDemoUITestsLaunchTests.swift */; };
		55FD77452B5666A100F0A104 /* LICENSE in Resources */ = {isa = PBXBuildFile; fileRef = 55FD77422B5666A100F0A104 /* LICENSE */; };
		55FD77462B5666A100F0A104 /* README.md in Resources */ = {isa = PBXBuildFile; fileRef = 55FD77432B5666A100F0A104 /* README.md */; };
		55FD77472B5666A100F0A104 /* JKSwiftUIExtension.podspec in Resources */ = {isa = PBXBuildFile; fileRef = 55FD77442B5666A100F0A104 /* JKSwiftUIExtension.podspec */; };
/* End PBXBuildFile section */

/* Begin PBXContainerItemProxy section */
		55FD77252B5665FB00F0A104 /* PBXContainerItemProxy */ = {
			isa = PBXContainerItemProxy;
			containerPortal = 55FD770C2B5665F900F0A104 /* Project object */;
			proxyType = 1;
			remoteGlobalIDString = 55FD77132B5665F900F0A104;
			remoteInfo = JKSwiftUIExtensionDemo;
		};
		55FD772F2B5665FB00F0A104 /* PBXContainerItemProxy */ = {
			isa = PBXContainerItemProxy;
			containerPortal = 55FD770C2B5665F900F0A104 /* Project object */;
			proxyType = 1;
			remoteGlobalIDString = 55FD77132B5665F900F0A104;
			remoteInfo = JKSwiftUIExtensionDemo;
		};
/* End PBXContainerItemProxy section */

/* Begin PBXFileReference section */
		275FB03709884A07B5233B55 /* Pods-JKSwiftUIExtensionDemo.debug.xcconfig */ = {isa = PBXFileReference; includeInIndex = 1; lastKnownFileType = text.xcconfig; name = "Pods-JKSwiftUIExtensionDemo.debug.xcconfig"; path = "Target Support Files/Pods-JKSwiftUIExtensionDemo/Pods-JKSwiftUIExtensionDemo.debug.xcconfig"; sourceTree = "<group>"; };
		55FD77142B5665F900F0A104 /* JKSwiftUIExtensionDemo.app */ = {isa = PBXFileReference; explicitFileType = wrapper.application; includeInIndex = 0; path = JKSwiftUIExtensionDemo.app; sourceTree = BUILT_PRODUCTS_DIR; };
		55FD77172B5665F900F0A104 /* JKSwiftUIExtensionDemoApp.swift */ = {isa = PBXFileReference; lastKnownFileType = sourcecode.swift; path = JKSwiftUIExtensionDemoApp.swift; sourceTree = "<group>"; };
		55FD77192B5665F900F0A104 /* ContentView.swift */ = {isa = PBXFileReference; lastKnownFileType = sourcecode.swift; path = ContentView.swift; sourceTree = "<group>"; };
		55FD771B2B5665FB00F0A104 /* Assets.xcassets */ = {isa = PBXFileReference; lastKnownFileType = folder.assetcatalog; path = Assets.xcassets; sourceTree = "<group>"; };
		55FD771E2B5665FB00F0A104 /* Preview Assets.xcassets */ = {isa = PBXFileReference; lastKnownFileType = folder.assetcatalog; path = "Preview Assets.xcassets"; sourceTree = "<group>"; };
		55FD77242B5665FB00F0A104 /* JKSwiftUIExtensionDemoTests.xctest */ = {isa = PBXFileReference; explicitFileType = wrapper.cfbundle; includeInIndex = 0; path = JKSwiftUIExtensionDemoTests.xctest; sourceTree = BUILT_PRODUCTS_DIR; };
		55FD77282B5665FB00F0A104 /* JKSwiftUIExtensionDemoTests.swift */ = {isa = PBXFileReference; lastKnownFileType = sourcecode.swift; path = JKSwiftUIExtensionDemoTests.swift; sourceTree = "<group>"; };
		55FD772E2B5665FB00F0A104 /* JKSwiftUIExtensionDemoUITests.xctest */ = {isa = PBXFileReference; explicitFileType = wrapper.cfbundle; includeInIndex = 0; path = JKSwiftUIExtensionDemoUITests.xctest; sourceTree = BUILT_PRODUCTS_DIR; };
		55FD77322B5665FB00F0A104 /* JKSwiftUIExtensionDemoUITests.swift */ = {isa = PBXFileReference; lastKnownFileType = sourcecode.swift; path = JKSwiftUIExtensionDemoUITests.swift; sourceTree = "<group>"; };
		55FD77342B5665FB00F0A104 /* JKSwiftUIExtensionDemoUITestsLaunchTests.swift */ = {isa = PBXFileReference; lastKnownFileType = sourcecode.swift; path = JKSwiftUIExtensionDemoUITestsLaunchTests.swift; sourceTree = "<group>"; };
		55FD77422B5666A100F0A104 /* LICENSE */ = {isa = PBXFileReference; fileEncoding = 4; lastKnownFileType = text; name = LICENSE; path = ../../LICENSE; sourceTree = "<group>"; };
		55FD77432B5666A100F0A104 /* README.md */ = {isa = PBXFileReference; fileEncoding = 4; lastKnownFileType = net.daringfireball.markdown; name = README.md; path = ../../README.md; sourceTree = "<group>"; };
		55FD77442B5666A100F0A104 /* JKSwiftUIExtension.podspec */ = {isa = PBXFileReference; fileEncoding = 4; lastKnownFileType = text; name = JKSwiftUIExtension.podspec; path = ../../JKSwiftUIExtension.podspec; sourceTree = "<group>"; };
		8BAA31E3C5BE0B9D0AF5A833 /* Pods-JKSwiftUIExtensionDemo.release.xcconfig */ = {isa = PBXFileReference; includeInIndex = 1; lastKnownFileType = text.xcconfig; name = "Pods-JKSwiftUIExtensionDemo.release.xcconfig"; path = "Target Support Files/Pods-JKSwiftUIExtensionDemo/Pods-JKSwiftUIExtensionDemo.release.xcconfig"; sourceTree = "<group>"; };
		8D3FAF411CF38ED57AD359AE /* Pods_JKSwiftUIExtensionDemo.framework */ = {isa = PBXFileReference; explicitFileType = wrapper.framework; includeInIndex = 0; path = Pods_JKSwiftUIExtensionDemo.framework; sourceTree = BUILT_PRODUCTS_DIR; };
/* End PBXFileReference section */

/* Begin PBXFrameworksBuildPhase section */
		55FD77112B5665F900F0A104 /* Frameworks */ = {
			isa = PBXFrameworksBuildPhase;
			buildActionMask = 2147483647;
			files = (
				27FDD08D7C819A6052844B67 /* Pods_JKSwiftUIExtensionDemo.framework in Frameworks */,
			);
			runOnlyForDeploymentPostprocessing = 0;
		};
		55FD77212B5665FB00F0A104 /* Frameworks */ = {
			isa = PBXFrameworksBuildPhase;
			buildActionMask = 2147483647;
			files = (
			);
			runOnlyForDeploymentPostprocessing = 0;
		};
		55FD772B2B5665FB00F0A104 /* Frameworks */ = {
			isa = PBXFrameworksBuildPhase;
			buildActionMask = 2147483647;
			files = (
			);
			runOnlyForDeploymentPostprocessing = 0;
		};
/* End PBXFrameworksBuildPhase section */

/* Begin PBXGroup section */
		3D51440CAEC18E6F2247A384 /* Frameworks */ = {
			isa = PBXGroup;
			children = (
				8D3FAF411CF38ED57AD359AE /* Pods_JKSwiftUIExtensionDemo.framework */,
			);
			name = Frameworks;
			sourceTree = "<group>";
		};
		55FD770B2B5665F900F0A104 = {
			isa = PBXGroup;
			children = (
				55FD77412B56669100F0A104 /* Podspec Metadata */,
				55FD77162B5665F900F0A104 /* JKSwiftUIExtensionDemo */,
				55FD77272B5665FB00F0A104 /* JKSwiftUIExtensionDemoTests */,
				55FD77312B5665FB00F0A104 /* JKSwiftUIExtensionDemoUITests */,
				55FD77152B5665F900F0A104 /* Products */,
				F305CCFDBF43E04094C4B85C /* Pods */,
				3D51440CAEC18E6F2247A384 /* Frameworks */,
			);
			sourceTree = "<group>";
		};
		55FD77152B5665F900F0A104 /* Products */ = {
			isa = PBXGroup;
			children = (
				55FD77142B5665F900F0A104 /* JKSwiftUIExtensionDemo.app */,
				55FD77242B5665FB00F0A104 /* JKSwiftUIExtensionDemoTests.xctest */,
				55FD772E2B5665FB00F0A104 /* JKSwiftUIExtensionDemoUITests.xctest */,
			);
			name = Products;
			sourceTree = "<group>";
		};
		55FD77162B5665F900F0A104 /* JKSwiftUIExtensionDemo */ = {
			isa = PBXGroup;
			children = (
				55FD77172B5665F900F0A104 /* JKSwiftUIExtensionDemoApp.swift */,
				55FD77192B5665F900F0A104 /* ContentView.swift */,
				55FD771B2B5665FB00F0A104 /* Assets.xcassets */,
				55FD771D2B5665FB00F0A104 /* Preview Content */,
			);
			path = JKSwiftUIExtensionDemo;
			sourceTree = "<group>";
		};
		55FD771D2B5665FB00F0A104 /* Preview Content */ = {
			isa = PBXGroup;
			children = (
				55FD771E2B5665FB00F0A104 /* Preview Assets.xcassets */,
			);
			path = "Preview Content";
			sourceTree = "<group>";
		};
		55FD77272B5665FB00F0A104 /* JKSwiftUIExtensionDemoTests */ = {
			isa = PBXGroup;
			children = (
				55FD77282B5665FB00F0A104 /* JKSwiftUIExtensionDemoTests.swift */,
			);
			path = JKSwiftUIExtensionDemoTests;
			sourceTree = "<group>";
		};
		55FD77312B5665FB00F0A104 /* JKSwiftUIExtensionDemoUITests */ = {
			isa = PBXGroup;
			children = (
				55FD77322B5665FB00F0A104 /* JKSwiftUIExtensionDemoUITests.swift */,
				55FD77342B5665FB00F0A104 /* JKSwiftUIExtensionDemoUITestsLaunchTests.swift */,
			);
			path = JKSwiftUIExtensionDemoUITests;
			sourceTree = "<group>";
		};
		55FD77412B56669100F0A104 /* Podspec Metadata */ = {
			isa = PBXGroup;
			children = (
				55FD77442B5666A100F0A104 /* JKSwiftUIExtension.podspec */,
				55FD77422B5666A100F0A104 /* LICENSE */,
				55FD77432B5666A100F0A104 /* README.md */,
			);
			path = "Podspec Metadata";
			sourceTree = "<group>";
		};
		F305CCFDBF43E04094C4B85C /* Pods */ = {
			isa = PBXGroup;
			children = (
				275FB03709884A07B5233B55 /* Pods-JKSwiftUIExtensionDemo.debug.xcconfig */,
				8BAA31E3C5BE0B9D0AF5A833 /* Pods-JKSwiftUIExtensionDemo.release.xcconfig */,
			);
			path = Pods;
			sourceTree = "<group>";
		};
/* End PBXGroup section */

/* Begin PBXNativeTarget section */
		55FD77132B5665F900F0A104 /* JKSwiftUIExtensionDemo */ = {
			isa = PBXNativeTarget;
			buildConfigurationList = 55FD77382B5665FB00F0A104 /* Build configuration list for PBXNativeTarget "JKSwiftUIExtensionDemo" */;
			buildPhases = (
				4C1DC9B245D7FF40080E33B3 /* [CP] Check Pods Manifest.lock */,
				55FD77102B5665F900F0A104 /* Sources */,
				55FD77112B5665F900F0A104 /* Frameworks */,
				55FD77122B5665F900F0A104 /* Resources */,
				B10AC6DD8747B00C72D2857C /* [CP] Embed Pods Frameworks */,
			);
			buildRules = (
			);
			dependencies = (
			);
			name = JKSwiftUIExtensionDemo;
			productName = JKSwiftUIExtensionDemo;
			productReference = 55FD77142B5665F900F0A104 /* JKSwiftUIExtensionDemo.app */;
			productType = "com.apple.product-type.application";
		};
		55FD77232B5665FB00F0A104 /* JKSwiftUIExtensionDemoTests */ = {
			isa = PBXNativeTarget;
			buildConfigurationList = 55FD773B2B5665FB00F0A104 /* Build configuration list for PBXNativeTarget "JKSwiftUIExtensionDemoTests" */;
			buildPhases = (
				55FD77202B5665FB00F0A104 /* Sources */,
				55FD77212B5665FB00F0A104 /* Frameworks */,
				55FD77222B5665FB00F0A104 /* Resources */,
			);
			buildRules = (
			);
			dependencies = (
				55FD77262B5665FB00F0A104 /* PBXTargetDependency */,
			);
			name = JKSwiftUIExtensionDemoTests;
			productName = JKSwiftUIExtensionDemoTests;
			productReference = 55FD77242B5665FB00F0A104 /* JKSwiftUIExtensionDemoTests.xctest */;
			productType = "com.apple.product-type.bundle.unit-test";
		};
		55FD772D2B5665FB00F0A104 /* JKSwiftUIExtensionDemoUITests */ = {
			isa = PBXNativeTarget;
			buildConfigurationList = 55FD773E2B5665FB00F0A104 /* Build configuration list for PBXNativeTarget "JKSwiftUIExtensionDemoUITests" */;
			buildPhases = (
				55FD772A2B5665FB00F0A104 /* Sources */,
				55FD772B2B5665FB00F0A104 /* Frameworks */,
				55FD772C2B5665FB00F0A104 /* Resources */,
			);
			buildRules = (
			);
			dependencies = (
				55FD77302B5665FB00F0A104 /* PBXTargetDependency */,
			);
			name = JKSwiftUIExtensionDemoUITests;
			productName = JKSwiftUIExtensionDemoUITests;
			productReference = 55FD772E2B5665FB00F0A104 /* JKSwiftUIExtensionDemoUITests.xctest */;
			productType = "com.apple.product-type.bundle.ui-testing";
		};
/* End PBXNativeTarget section */

/* Begin PBXProject section */
		55FD770C2B5665F900F0A104 /* Project object */ = {
			isa = PBXProject;
			attributes = {
				BuildIndependentTargetsInParallel = 1;
				LastSwiftUpdateCheck = 1510;
				LastUpgradeCheck = 1510;
				TargetAttributes = {
					55FD77132B5665F900F0A104 = {
						CreatedOnToolsVersion = 15.1;
					};
					55FD77232B5665FB00F0A104 = {
						CreatedOnToolsVersion = 15.1;
						TestTargetID = 55FD77132B5665F900F0A104;
					};
					55FD772D2B5665FB00F0A104 = {
						CreatedOnToolsVersion = 15.1;
						TestTargetID = 55FD77132B5665F900F0A104;
					};
				};
			};
			buildConfigurationList = 55FD770F2B5665F900F0A104 /* Build configuration list for PBXProject "JKSwiftUIExtensionDemo" */;
			compatibilityVersion = "Xcode 14.0";
			developmentRegion = en;
			hasScannedForEncodings = 0;
			knownRegions = (
				en,
				Base,
			);
			mainGroup = 55FD770B2B5665F900F0A104;
			productRefGroup = 55FD77152B5665F900F0A104 /* Products */;
			projectDirPath = "";
			projectRoot = "";
			targets = (
				55FD77132B5665F900F0A104 /* JKSwiftUIExtensionDemo */,
				55FD77232B5665FB00F0A104 /* JKSwiftUIExtensionDemoTests */,
				55FD772D2B5665FB00F0A104 /* JKSwiftUIExtensionDemoUITests */,
			);
		};
/* End PBXProject section */

/* Begin PBXResourcesBuildPhase section */
		55FD77122B5665F900F0A104 /* Resources */ = {
			isa = PBXResourcesBuildPhase;
			buildActionMask = 2147483647;
			files = (
				55FD77472B5666A100F0A104 /* JKSwiftUIExtension.podspec in Resources */,
				55FD77452B5666A100F0A104 /* LICENSE in Resources */,
				55FD771F2B5665FB00F0A104 /* Preview Assets.xcassets in Resources */,
				55FD77462B5666A100F0A104 /* README.md in Resources */,
				55FD771C2B5665FB00F0A104 /* Assets.xcassets in Resources */,
			);
			runOnlyForDeploymentPostprocessing = 0;
		};
		55FD77222B5665FB00F0A104 /* Resources */ = {
			isa = PBXResourcesBuildPhase;
			buildActionMask = 2147483647;
			files = (
			);
			runOnlyForDeploymentPostprocessing = 0;
		};
		55FD772C2B5665FB00F0A104 /* Resources */ = {
			isa = PBXResourcesBuildPhase;
			buildActionMask = 2147483647;
			files = (
			);
			runOnlyForDeploymentPostprocessing = 0;
		};
/* End PBXResourcesBuildPhase section */

/* Begin PBXShellScriptBuildPhase section */
		4C1DC9B245D7FF40080E33B3 /* [CP] Check Pods Manifest.lock */ = {
			isa = PBXShellScriptBuildPhase;
			buildActionMask = 2147483647;
			files = (
			);
			inputFileListPaths = (
			);
			inputPaths = (
				"${PODS_PODFILE_DIR_PATH}/Podfile.lock",
				"${PODS_ROOT}/Manifest.lock",
			);
			name = "[CP] Check Pods Manifest.lock";
			outputFileListPaths = (
			);
			outputPaths = (
				"$(DERIVED_FILE_DIR)/Pods-JKSwiftUIExtensionDemo-checkManifestLockResult.txt",
			);
			runOnlyForDeploymentPostprocessing = 0;
			shellPath = /bin/sh;
			shellScript = "diff \"${PODS_PODFILE_DIR_PATH}/Podfile.lock\" \"${PODS_ROOT}/Manifest.lock\" > /dev/null\nif [ $? != 0 ] ; then\n    # print error to STDERR\n    echo \"error: The sandbox is not in sync with the Podfile.lock. Run 'pod install' or update your CocoaPods installation.\" >&2\n    exit 1\nfi\n# This output is used by Xcode 'outputs' to avoid re-running this script phase.\necho \"SUCCESS\" > \"${SCRIPT_OUTPUT_FILE_0}\"\n";
			showEnvVarsInLog = 0;
		};
		B10AC6DD8747B00C72D2857C /* [CP] Embed Pods Frameworks */ = {
			isa = PBXShellScriptBuildPhase;
			buildActionMask = 2147483647;
			files = (
			);
			inputFileListPaths = (
				"${PODS_ROOT}/Target Support Files/Pods-JKSwiftUIExtensionDemo/Pods-JKSwiftUIExtensionDemo-frameworks-${CONFIGURATION}-input-files.xcfilelist",
			);
			name = "[CP] Embed Pods Frameworks";
			outputFileListPaths = (
				"${PODS_ROOT}/Target Support Files/Pods-JKSwiftUIExtensionDemo/Pods-JKSwiftUIExtensionDemo-frameworks-${CONFIGURATION}-output-files.xcfilelist",
			);
			runOnlyForDeploymentPostprocessing = 0;
			shellPath = /bin/sh;
			shellScript = "\"${PODS_ROOT}/Target Support Files/Pods-JKSwiftUIExtensionDemo/Pods-JKSwiftUIExtensionDemo-frameworks.sh\"\n";
			showEnvVarsInLog = 0;
		};
/* End PBXShellScriptBuildPhase section */

/* Begin PBXSourcesBuildPhase section */
		55FD77102B5665F900F0A104 /* Sources */ = {
			isa = PBXSourcesBuildPhase;
			buildActionMask = 2147483647;
			files = (
				55FD771A2B5665F900F0A104 /* ContentView.swift in Sources */,
				55FD77182B5665F900F0A104 /* JKSwiftUIExtensionDemoApp.swift in Sources */,
			);
			runOnlyForDeploymentPostprocessing = 0;
		};
		55FD77202B5665FB00F0A104 /* Sources */ = {
			isa = PBXSourcesBuildPhase;
			buildActionMask = 2147483647;
			files = (
				55FD77292B5665FB00F0A104 /* JKSwiftUIExtensionDemoTests.swift in Sources */,
			);
			runOnlyForDeploymentPostprocessing = 0;
		};
		55FD772A2B5665FB00F0A104 /* Sources */ = {
			isa = PBXSourcesBuildPhase;
			buildActionMask = 2147483647;
			files = (
				55FD77352B5665FB00F0A104 /* JKSwiftUIExtensionDemoUITestsLaunchTests.swift in Sources */,
				55FD77332B5665FB00F0A104 /* JKSwiftUIExtensionDemoUITests.swift in Sources */,
			);
			runOnlyForDeploymentPostprocessing = 0;
		};
/* End PBXSourcesBuildPhase section */

/* Begin PBXTargetDependency section */
		55FD77262B5665FB00F0A104 /* PBXTargetDependency */ = {
			isa = PBXTargetDependency;
			target = 55FD77132B5665F900F0A104 /* JKSwiftUIExtensionDemo */;
			targetProxy = 55FD77252B5665FB00F0A104 /* PBXContainerItemProxy */;
		};
		55FD77302B5665FB00F0A104 /* PBXTargetDependency */ = {
			isa = PBXTargetDependency;
			target = 55FD77132B5665F900F0A104 /* JKSwiftUIExtensionDemo */;
			targetProxy = 55FD772F2B5665FB00F0A104 /* PBXContainerItemProxy */;
		};
/* End PBXTargetDependency section */

/* Begin XCBuildConfiguration section */
		55FD77362B5665FB00F0A104 /* Debug */ = {
			isa = XCBuildConfiguration;
			buildSettings = {
				ALWAYS_SEARCH_USER_PATHS = NO;
				ASSETCATALOG_COMPILER_GENERATE_SWIFT_ASSET_SYMBOL_EXTENSIONS = YES;
				CLANG_ANALYZER_NONNULL = YES;
				CLANG_ANALYZER_NUMBER_OBJECT_CONVERSION = YES_AGGRESSIVE;
				CLANG_CXX_LANGUAGE_STANDARD = "gnu++20";
				CLANG_ENABLE_MODULES = YES;
				CLANG_ENABLE_OBJC_ARC = YES;
				CLANG_ENABLE_OBJC_WEAK = YES;
				CLANG_WARN_BLOCK_CAPTURE_AUTORELEASING = YES;
				CLANG_WARN_BOOL_CONVERSION = YES;
				CLANG_WARN_COMMA = YES;
				CLANG_WARN_CONSTANT_CONVERSION = YES;
				CLANG_WARN_DEPRECATED_OBJC_IMPLEMENTATIONS = YES;
				CLANG_WARN_DIRECT_OBJC_ISA_USAGE = YES_ERROR;
				CLANG_WARN_DOCUMENTATION_COMMENTS = YES;
				CLANG_WARN_EMPTY_BODY = YES;
				CLANG_WARN_ENUM_CONVERSION = YES;
				CLANG_WARN_INFINITE_RECURSION = YES;
				CLANG_WARN_INT_CONVERSION = YES;
				CLANG_WARN_NON_LITERAL_NULL_CONVERSION = YES;
				CLANG_WARN_OBJC_IMPLICIT_RETAIN_SELF = YES;
				CLANG_WARN_OBJC_LITERAL_CONVERSION = YES;
				CLANG_WARN_OBJC_ROOT_CLASS = YES_ERROR;
				CLANG_WARN_QUOTED_INCLUDE_IN_FRAMEWORK_HEADER = YES;
				CLANG_WARN_RANGE_LOOP_ANALYSIS = YES;
				CLANG_WARN_STRICT_PROTOTYPES = YES;
				CLANG_WARN_SUSPICIOUS_MOVE = YES;
				CLANG_WARN_UNGUARDED_AVAILABILITY = YES_AGGRESSIVE;
				CLANG_WARN_UNREACHABLE_CODE = YES;
				CLANG_WARN__DUPLICATE_METHOD_MATCH = YES;
				COPY_PHASE_STRIP = NO;
				DEBUG_INFORMATION_FORMAT = dwarf;
				ENABLE_STRICT_OBJC_MSGSEND = YES;
				ENABLE_TESTABILITY = YES;
				ENABLE_USER_SCRIPT_SANDBOXING = YES;
				GCC_C_LANGUAGE_STANDARD = gnu17;
				GCC_DYNAMIC_NO_PIC = NO;
				GCC_NO_COMMON_BLOCKS = YES;
				GCC_OPTIMIZATION_LEVEL = 0;
				GCC_PREPROCESSOR_DEFINITIONS = (
					"DEBUG=1",
					"$(inherited)",
				);
				GCC_WARN_64_TO_32_BIT_CONVERSION = YES;
				GCC_WARN_ABOUT_RETURN_TYPE = YES_ERROR;
				GCC_WARN_UNDECLARED_SELECTOR = YES;
				GCC_WARN_UNINITIALIZED_AUTOS = YES_AGGRESSIVE;
				GCC_WARN_UNUSED_FUNCTION = YES;
				GCC_WARN_UNUSED_VARIABLE = YES;
				IPHONEOS_DEPLOYMENT_TARGET = 17.2;
				LOCALIZATION_PREFERS_STRING_CATALOGS = YES;
				MTL_ENABLE_DEBUG_INFO = INCLUDE_SOURCE;
				MTL_FAST_MATH = YES;
				ONLY_ACTIVE_ARCH = YES;
				SDKROOT = iphoneos;
				SWIFT_ACTIVE_COMPILATION_CONDITIONS = "DEBUG $(inherited)";
				SWIFT_OPTIMIZATION_LEVEL = "-Onone";
			};
			name = Debug;
		};
		55FD77372B5665FB00F0A104 /* Release */ = {
			isa = XCBuildConfiguration;
			buildSettings = {
				ALWAYS_SEARCH_USER_PATHS = NO;
				ASSETCATALOG_COMPILER_GENERATE_SWIFT_ASSET_SYMBOL_EXTENSIONS = YES;
				CLANG_ANALYZER_NONNULL = YES;
				CLANG_ANALYZER_NUMBER_OBJECT_CONVERSION = YES_AGGRESSIVE;
				CLANG_CXX_LANGUAGE_STANDARD = "gnu++20";
				CLANG_ENABLE_MODULES = YES;
				CLANG_ENABLE_OBJC_ARC = YES;
				CLANG_ENABLE_OBJC_WEAK = YES;
				CLANG_WARN_BLOCK_CAPTURE_AUTORELEASING = YES;
				CLANG_WARN_BOOL_CONVERSION = YES;
				CLANG_WARN_COMMA = YES;
				CLANG_WARN_CONSTANT_CONVERSION = YES;
				CLANG_WARN_DEPRECATED_OBJC_IMPLEMENTATIONS = YES;
				CLANG_WARN_DIRECT_OBJC_ISA_USAGE = YES_ERROR;
				CLANG_WARN_DOCUMENTATION_COMMENTS = YES;
				CLANG_WARN_EMPTY_BODY = YES;
				CLANG_WARN_ENUM_CONVERSION = YES;
				CLANG_WARN_INFINITE_RECURSION = YES;
				CLANG_WARN_INT_CONVERSION = YES;
				CLANG_WARN_NON_LITERAL_NULL_CONVERSION = YES;
				CLANG_WARN_OBJC_IMPLICIT_RETAIN_SELF = YES;
				CLANG_WARN_OBJC_LITERAL_CONVERSION = YES;
				CLANG_WARN_OBJC_ROOT_CLASS = YES_ERROR;
				CLANG_WARN_QUOTED_INCLUDE_IN_FRAMEWORK_HEADER = YES;
				CLANG_WARN_RANGE_LOOP_ANALYSIS = YES;
				CLANG_WARN_STRICT_PROTOTYPES = YES;
				CLANG_WARN_SUSPICIOUS_MOVE = YES;
				CLANG_WARN_UNGUARDED_AVAILABILITY = YES_AGGRESSIVE;
				CLANG_WARN_UNREACHABLE_CODE = YES;
				CLANG_WARN__DUPLICATE_METHOD_MATCH = YES;
				COPY_PHASE_STRIP = NO;
				DEBUG_INFORMATION_FORMAT = "dwarf-with-dsym";
				ENABLE_NS_ASSERTIONS = NO;
				ENABLE_STRICT_OBJC_MSGSEND = YES;
				ENABLE_USER_SCRIPT_SANDBOXING = YES;
				GCC_C_LANGUAGE_STANDARD = gnu17;
				GCC_NO_COMMON_BLOCKS = YES;
				GCC_WARN_64_TO_32_BIT_CONVERSION = YES;
				GCC_WARN_ABOUT_RETURN_TYPE = YES_ERROR;
				GCC_WARN_UNDECLARED_SELECTOR = YES;
				GCC_WARN_UNINITIALIZED_AUTOS = YES_AGGRESSIVE;
				GCC_WARN_UNUSED_FUNCTION = YES;
				GCC_WARN_UNUSED_VARIABLE = YES;
				IPHONEOS_DEPLOYMENT_TARGET = 17.2;
				LOCALIZATION_PREFERS_STRING_CATALOGS = YES;
				MTL_ENABLE_DEBUG_INFO = NO;
				MTL_FAST_MATH = YES;
				SDKROOT = iphoneos;
				SWIFT_COMPILATION_MODE = wholemodule;
				VALIDATE_PRODUCT = YES;
			};
			name = Release;
		};
		55FD77392B5665FB00F0A104 /* Debug */ = {
			isa = XCBuildConfiguration;
			baseConfigurationReference = 275FB03709884A07B5233B55 /* Pods-JKSwiftUIExtensionDemo.debug.xcconfig */;
			buildSettings = {
				ASSETCATALOG_COMPILER_APPICON_NAME = AppIcon;
				ASSETCATALOG_COMPILER_GLOBAL_ACCENT_COLOR_NAME = AccentColor;
				CODE_SIGN_STYLE = Automatic;
				CURRENT_PROJECT_VERSION = 1;
				DEVELOPMENT_ASSET_PATHS = "\"JKSwiftUIExtensionDemo/Preview Content\"";
				DEVELOPMENT_TEAM = Q24HFFF5V3;
				ENABLE_PREVIEWS = YES;
				ENABLE_USER_SCRIPT_SANDBOXING = NO;
				GENERATE_INFOPLIST_FILE = YES;
				INFOPLIST_KEY_UIApplicationSceneManifest_Generation = YES;
				INFOPLIST_KEY_UIApplicationSupportsIndirectInputEvents = YES;
				INFOPLIST_KEY_UILaunchScreen_Generation = YES;
				INFOPLIST_KEY_UISupportedInterfaceOrientations_iPad = "UIInterfaceOrientationPortrait UIInterfaceOrientationPortraitUpsideDown UIInterfaceOrientationLandscapeLeft UIInterfaceOrientationLandscapeRight";
				INFOPLIST_KEY_UISupportedInterfaceOrientations_iPhone = "UIInterfaceOrientationPortrait UIInterfaceOrientationLandscapeLeft UIInterfaceOrientationLandscapeRight";
				LD_RUNPATH_SEARCH_PATHS = (
					"$(inherited)",
					"@executable_path/Frameworks",
				);
				MARKETING_VERSION = 1.0;
				PRODUCT_BUNDLE_IDENTIFIER = com.jk.swiftui.JKSwiftUIExtensionDemo;
				PRODUCT_NAME = "$(TARGET_NAME)";
				SWIFT_EMIT_LOC_STRINGS = YES;
				SWIFT_VERSION = 5.0;
				TARGETED_DEVICE_FAMILY = "1,2";
			};
			name = Debug;
		};
		55FD773A2B5665FB00F0A104 /* Release */ = {
			isa = XCBuildConfiguration;
			baseConfigurationReference = 8BAA31E3C5BE0B9D0AF5A833 /* Pods-JKSwiftUIExtensionDemo.release.xcconfig */;
			buildSettings = {
				ASSETCATALOG_COMPILER_APPICON_NAME = AppIcon;
				ASSETCATALOG_COMPILER_GLOBAL_ACCENT_COLOR_NAME = AccentColor;
				CODE_SIGN_STYLE = Automatic;
				CURRENT_PROJECT_VERSION = 1;
				DEVELOPMENT_ASSET_PATHS = "\"JKSwiftUIExtensionDemo/Preview Content\"";
				DEVELOPMENT_TEAM = Q24HFFF5V3;
				ENABLE_PREVIEWS = YES;
				ENABLE_USER_SCRIPT_SANDBOXING = NO;
				GENERATE_INFOPLIST_FILE = YES;
				INFOPLIST_KEY_UIApplicationSceneManifest_Generation = YES;
				INFOPLIST_KEY_UIApplicationSupportsIndirectInputEvents = YES;
				INFOPLIST_KEY_UILaunchScreen_Generation = YES;
				INFOPLIST_KEY_UISupportedInterfaceOrientations_iPad = "UIInterfaceOrientationPortrait UIInterfaceOrientationPortraitUpsideDown UIInterfaceOrientationLandscapeLeft UIInterfaceOrientationLandscapeRight";
				INFOPLIST_KEY_UISupportedInterfaceOrientations_iPhone = "UIInterfaceOrientationPortrait UIInterfaceOrientationLandscapeLeft UIInterfaceOrientationLandscapeRight";
				LD_RUNPATH_SEARCH_PATHS = (
					"$(inherited)",
					"@executable_path/Frameworks",
				);
				MARKETING_VERSION = 1.0;
				PRODUCT_BUNDLE_IDENTIFIER = com.jk.swiftui.JKSwiftUIExtensionDemo;
				PRODUCT_NAME = "$(TARGET_NAME)";
				SWIFT_EMIT_LOC_STRINGS = YES;
				SWIFT_VERSION = 5.0;
				TARGETED_DEVICE_FAMILY = "1,2";
			};
			name = Release;
		};
		55FD773C2B5665FB00F0A104 /* Debug */ = {
			isa = XCBuildConfiguration;
			buildSettings = {
				ALWAYS_EMBED_SWIFT_STANDARD_LIBRARIES = YES;
				BUNDLE_LOADER = "$(TEST_HOST)";
				CODE_SIGN_STYLE = Automatic;
				CURRENT_PROJECT_VERSION = 1;
				DEVELOPMENT_TEAM = Q24HFFF5V3;
				GENERATE_INFOPLIST_FILE = YES;
				IPHONEOS_DEPLOYMENT_TARGET = 17.2;
				MARKETING_VERSION = 1.0;
				PRODUCT_BUNDLE_IDENTIFIER = com.jk.swiftui.JKSwiftUIExtensionDemoTests;
				PRODUCT_NAME = "$(TARGET_NAME)";
				SWIFT_EMIT_LOC_STRINGS = NO;
				SWIFT_VERSION = 5.0;
				TARGETED_DEVICE_FAMILY = "1,2";
				TEST_HOST = "$(BUILT_PRODUCTS_DIR)/JKSwiftUIExtensionDemo.app/$(BUNDLE_EXECUTABLE_FOLDER_PATH)/JKSwiftUIExtensionDemo";
			};
			name = Debug;
		};
		55FD773D2B5665FB00F0A104 /* Release */ = {
			isa = XCBuildConfiguration;
			buildSettings = {
				ALWAYS_EMBED_SWIFT_STANDARD_LIBRARIES = YES;
				BUNDLE_LOADER = "$(TEST_HOST)";
				CODE_SIGN_STYLE = Automatic;
				CURRENT_PROJECT_VERSION = 1;
				DEVELOPMENT_TEAM = Q24HFFF5V3;
				GENERATE_INFOPLIST_FILE = YES;
				IPHONEOS_DEPLOYMENT_TARGET = 17.2;
				MARKETING_VERSION = 1.0;
				PRODUCT_BUNDLE_IDENTIFIER = com.jk.swiftui.JKSwiftUIExtensionDemoTests;
				PRODUCT_NAME = "$(TARGET_NAME)";
				SWIFT_EMIT_LOC_STRINGS = NO;
				SWIFT_VERSION = 5.0;
				TARGETED_DEVICE_FAMILY = "1,2";
				TEST_HOST = "$(BUILT_PRODUCTS_DIR)/JKSwiftUIExtensionDemo.app/$(BUNDLE_EXECUTABLE_FOLDER_PATH)/JKSwiftUIExtensionDemo";
			};
			name = Release;
		};
		55FD773F2B5665FB00F0A104 /* Debug */ = {
			isa = XCBuildConfiguration;
			buildSettings = {
				ALWAYS_EMBED_SWIFT_STANDARD_LIBRARIES = YES;
				CODE_SIGN_STYLE = Automatic;
				CURRENT_PROJECT_VERSION = 1;
				DEVELOPMENT_TEAM = Q24HFFF5V3;
				GENERATE_INFOPLIST_FILE = YES;
				MARKETING_VERSION = 1.0;
				PRODUCT_BUNDLE_IDENTIFIER = com.jk.swiftui.JKSwiftUIExtensionDemoUITests;
				PRODUCT_NAME = "$(TARGET_NAME)";
				SWIFT_EMIT_LOC_STRINGS = NO;
				SWIFT_VERSION = 5.0;
				TARGETED_DEVICE_FAMILY = "1,2";
				TEST_TARGET_NAME = JKSwiftUIExtensionDemo;
			};
			name = Debug;
		};
		55FD77402B5665FB00F0A104 /* Release */ = {
			isa = XCBuildConfiguration;
			buildSettings = {
				ALWAYS_EMBED_SWIFT_STANDARD_LIBRARIES = YES;
				CODE_SIGN_STYLE = Automatic;
				CURRENT_PROJECT_VERSION = 1;
				DEVELOPMENT_TEAM = Q24HFFF5V3;
				GENERATE_INFOPLIST_FILE = YES;
				MARKETING_VERSION = 1.0;
				PRODUCT_BUNDLE_IDENTIFIER = com.jk.swiftui.JKSwiftUIExtensionDemoUITests;
				PRODUCT_NAME = "$(TARGET_NAME)";
				SWIFT_EMIT_LOC_STRINGS = NO;
				SWIFT_VERSION = 5.0;
				TARGETED_DEVICE_FAMILY = "1,2";
				TEST_TARGET_NAME = JKSwiftUIExtensionDemo;
			};
			name = Release;
		};
/* End XCBuildConfiguration section */

/* Begin XCConfigurationList section */
		55FD770F2B5665F900F0A104 /* Build configuration list for PBXProject "JKSwiftUIExtensionDemo" */ = {
			isa = XCConfigurationList;
			buildConfigurations = (
				55FD77362B5665FB00F0A104 /* Debug */,
				55FD77372B5665FB00F0A104 /* Release */,
			);
			defaultConfigurationIsVisible = 0;
			defaultConfigurationName = Release;
		};
		55FD77382B5665FB00F0A104 /* Build configuration list for PBXNativeTarget "JKSwiftUIExtensionDemo" */ = {
			isa = XCConfigurationList;
			buildConfigurations = (
				55FD77392B5665FB00F0A104 /* Debug */,
				55FD773A2B5665FB00F0A104 /* Release */,
			);
			defaultConfigurationIsVisible = 0;
			defaultConfigurationName = Release;
		};
		55FD773B2B5665FB00F0A104 /* Build configuration list for PBXNativeTarget "JKSwiftUIExtensionDemoTests" */ = {
			isa = XCConfigurationList;
			buildConfigurations = (
				55FD773C2B5665FB00F0A104 /* Debug */,
				55FD773D2B5665FB00F0A104 /* Release */,
			);
			defaultConfigurationIsVisible = 0;
			defaultConfigurationName = Release;
		};
		55FD773E2B5665FB00F0A104 /* Build configuration list for PBXNativeTarget "JKSwiftUIExtensionDemoUITests" */ = {
			isa = XCConfigurationList;
			buildConfigurations = (
				55FD773F2B5665FB00F0A104 /* Debug */,
				55FD77402B5665FB00F0A104 /* Release */,
			);
			defaultConfigurationIsVisible = 0;
			defaultConfigurationName = Release;
		};
/* End XCConfigurationList section */
	};
	rootObject = 55FD770C2B5665F900F0A104 /* Project object */;
}
